
Microsoft Visual Studio Solution File, Format Version 12.00
# Visual Studio Version 17
VisualStudioVersion = 17.8.34330.188
MinimumVisualStudioVersion = 10.0.40219.1
Project("{FAE04EC0-301F-11D3-BF4B-00C04F79EFBC}") = "LearnSchool_Misbakhov", "LearnSchool_Misbakhov\LearnSchool_Misbakhov.csproj", "{1215CF83-35EA-4C64-8F39-09FCB44F691C}"
EndProject
Global
	GlobalSection(SolutionConfigurationPlatforms) = preSolution
		Debug|Any CPU = Debug|Any CPU
		Release|Any CPU = Release|Any CPU
	EndGlobalSection
	GlobalSection(ProjectConfigurationPlatforms) = postSolution
		{1215CF83-35EA-4C64-8F39-09FCB44F691C}.Debug|Any CPU.ActiveCfg = Debug|Any CPU
		{1215CF83-35EA-4C64-8F39-09FCB44F691C}.Debug|Any CPU.Build.0 = Debug|Any CPU
		{1215CF83-35EA-4C64-8F39-09FCB44F691C}.Release|Any CPU.ActiveCfg = Release|Any CPU
		{1215CF83-35EA-4C64-8F39-09FCB44F691C}.Release|Any CPU.Build.0 = Release|Any CPU
	EndGlobalSection
	GlobalSection(SolutionProperties) = preSolution
		HideSolutionNode = FALSE
	EndGlobalSection
	GlobalSection(ExtensibilityGlobals) = postSolution
		SolutionGuid = {1B253EA9-611B-4271-8EC0-647474B7645C}
	EndGlobalSection
EndGlobal
